
Microsoft Visual Studio Solution File, Format Version 12.00
# Visual Studio Version 16
VisualStudioVersion = 16.0.29418.71
MinimumVisualStudioVersion = 10.0.40219.1
Project("{FAE04EC0-301F-11D3-BF4B-00C04F79EFBC}") = "WeatherGrpcService", "WeatherGrpcService\WeatherGrpcService.csproj", "{DDB22B3B-D7DC-4B97-B548-C1D1643B6A17}"
EndProject
Project("{FAE04EC0-301F-11D3-BF4B-00C04F79EFBC}") = "FrontBlazorApp", "FrontBlazorApp\FrontBlazorApp.csproj", "{578CF63C-A7E7-4E53-9DE8-CE3E6FDB26D4}"
EndProject
Global
	GlobalSection(SolutionConfigurationPlatforms) = preSolution
		Debug|Any CPU = Debug|Any CPU
		Release|Any CPU = Release|Any CPU
	EndGlobalSection
	GlobalSection(ProjectConfigurationPlatforms) = postSolution
		{DDB22B3B-D7DC-4B97-B548-C1D1643B6A17}.Debug|Any CPU.ActiveCfg = Debug|Any CPU
		{DDB22B3B-D7DC-4B97-B548-C1D1643B6A17}.Debug|Any CPU.Build.0 = Debug|Any CPU
		{DDB22B3B-D7DC-4B97-B548-C1D1643B6A17}.Release|Any CPU.ActiveCfg = Release|Any CPU
		{DDB22B3B-D7DC-4B97-B548-C1D1643B6A17}.Release|Any CPU.Build.0 = Release|Any CPU
		{578CF63C-A7E7-4E53-9DE8-CE3E6FDB26D4}.Debug|Any CPU.ActiveCfg = Debug|Any CPU
		{578CF63C-A7E7-4E53-9DE8-CE3E6FDB26D4}.Debug|Any CPU.Build.0 = Debug|Any CPU
		{578CF63C-A7E7-4E53-9DE8-CE3E6FDB26D4}.Release|Any CPU.ActiveCfg = Release|Any CPU
		{578CF63C-A7E7-4E53-9DE8-CE3E6FDB26D4}.Release|Any CPU.Build.0 = Release|Any CPU
	EndGlobalSection
	GlobalSection(SolutionProperties) = preSolution
		HideSolutionNode = FALSE
	EndGlobalSection
	GlobalSection(ExtensibilityGlobals) = postSolution
		SolutionGuid = {137C1D31-D973-424A-841E-AF5C16F8765A}
	EndGlobalSection
EndGlobal
